
Microsoft Visual Studio Solution File, Format Version 12.00
# Visual Studio Version 17
VisualStudioVersion = 17.10.34916.146
MinimumVisualStudioVersion = 10.0.40219.1
Project("{9A19103F-16F7-4668-BE54-9A1E7A4F7556}") = "Minerva", "src\Minerva\Minerva.csproj", "{B4124373-F590-48CC-B970-EB79A9B17C3B}"
EndProject
Project("{9A19103F-16F7-4668-BE54-9A1E7A4F7556}") = "Minerva.Tests", "tests\Minerva.Tests\Minerva.Tests.csproj", "{294DBAEE-DBAA-455E-A284-FE67D275EB67}"
EndProject
Project("{2150E333-8FDC-42A3-9474-1A3956D46DE8}") = "Solution Items", "Solution Items", "{05808CC2-CBC5-445A-8CFA-B5F2F4F12445}"
	ProjectSection(SolutionItems) = preProject
		.editorconfig = .editorconfig
		.gitignore = .gitignore
		LICENSE = LICENSE
		README.md = README.md
	EndProjectSection
EndProject
Project("{FAE04EC0-301F-11D3-BF4B-00C04F79EFBC}") = "Assembly-CSharp", "src\MinervaUI\Assembly-CSharp.csproj", "{668DDFE1-B024-4AF9-F5D8-370116E94B8F}"
EndProject
Global
	GlobalSection(SolutionConfigurationPlatforms) = preSolution
		Debug|Any CPU = Debug|Any CPU
		Release|Any CPU = Release|Any CPU
	EndGlobalSection
	GlobalSection(ProjectConfigurationPlatforms) = postSolution
		{B4124373-F590-48CC-B970-EB79A9B17C3B}.Debug|Any CPU.ActiveCfg = Debug|Any CPU
		{B4124373-F590-48CC-B970-EB79A9B17C3B}.Debug|Any CPU.Build.0 = Debug|Any CPU
		{B4124373-F590-48CC-B970-EB79A9B17C3B}.Release|Any CPU.ActiveCfg = Release|Any CPU
		{B4124373-F590-48CC-B970-EB79A9B17C3B}.Release|Any CPU.Build.0 = Release|Any CPU
		{294DBAEE-DBAA-455E-A284-FE67D275EB67}.Debug|Any CPU.ActiveCfg = Debug|Any CPU
		{294DBAEE-DBAA-455E-A284-FE67D275EB67}.Debug|Any CPU.Build.0 = Debug|Any CPU
		{294DBAEE-DBAA-455E-A284-FE67D275EB67}.Release|Any CPU.ActiveCfg = Release|Any CPU
		{294DBAEE-DBAA-455E-A284-FE67D275EB67}.Release|Any CPU.Build.0 = Release|Any CPU
		{668DDFE1-B024-4AF9-F5D8-370116E94B8F}.Debug|Any CPU.ActiveCfg = Debug|Any CPU
		{668DDFE1-B024-4AF9-F5D8-370116E94B8F}.Debug|Any CPU.Build.0 = Debug|Any CPU
		{668DDFE1-B024-4AF9-F5D8-370116E94B8F}.Release|Any CPU.ActiveCfg = Release|Any CPU
		{668DDFE1-B024-4AF9-F5D8-370116E94B8F}.Release|Any CPU.Build.0 = Release|Any CPU
	EndGlobalSection
	GlobalSection(SolutionProperties) = preSolution
		HideSolutionNode = FALSE
	EndGlobalSection
	GlobalSection(ExtensibilityGlobals) = postSolution
		SolutionGuid = {8364CD41-34BB-4EC6-931A-CB9937364B46}
	EndGlobalSection
EndGlobal
